
Microsoft Visual Studio Solution File, Format Version 12.00
# Visual Studio Version 17
VisualStudioVersion = 17.9.34701.34
MinimumVisualStudioVersion = 10.0.40219.1
Project("{FAE04EC0-301F-11D3-BF4B-00C04F79EFBC}") = "HelloWorld", "HelloWorld\HelloWorld.csproj", "{1F1AB63F-A3C4-4EA3-A231-C1A5E88E3087}"
EndProject
Global
	GlobalSection(SolutionConfigurationPlatforms) = preSolution
		Debug|Any CPU = Debug|Any CPU
		Release|Any CPU = Release|Any CPU
	EndGlobalSection
	GlobalSection(ProjectConfigurationPlatforms) = postSolution
		{1F1AB63F-A3C4-4EA3-A231-C1A5E88E3087}.Debug|Any CPU.ActiveCfg = Debug|Any CPU
		{1F1AB63F-A3C4-4EA3-A231-C1A5E88E3087}.Debug|Any CPU.Build.0 = Debug|Any CPU
		{1F1AB63F-A3C4-4EA3-A231-C1A5E88E3087}.Release|Any CPU.ActiveCfg = Release|Any CPU
		{1F1AB63F-A3C4-4EA3-A231-C1A5E88E3087}.Release|Any CPU.Build.0 = Release|Any CPU
	EndGlobalSection
	GlobalSection(SolutionProperties) = preSolution
		HideSolutionNode = FALSE
	EndGlobalSection
	GlobalSection(ExtensibilityGlobals) = postSolution
		SolutionGuid = {9B63462F-2534-4F19-A1EA-349BD589DCB9}
	EndGlobalSection
EndGlobal
